// !$*UTF8*$!
{
	archiveVersion = 1;
	classes = {
	};
	objectVersion = 46;
	objects = {

/* Begin PBXBuildFile section */
		A105C8E0194A193F006C05C3 /* SettingsViewController.swift in Sources */ = {isa = PBXBuildFile; fileRef = A105C8DF194A193F006C05C3 /* SettingsViewController.swift */; };
		A157806919505D4D000C5E19 /* IntroControll.m in Sources */ = {isa = PBXBuildFile; fileRef = A157806419505D4D000C5E19 /* IntroControll.m */; };
		A157806A19505D4D000C5E19 /* IntroModel.m in Sources */ = {isa = PBXBuildFile; fileRef = A157806619505D4D000C5E19 /* IntroModel.m */; };
		A157806B19505D4D000C5E19 /* IntroView.m in Sources */ = {isa = PBXBuildFile; fileRef = A157806819505D4D000C5E19 /* IntroView.m */; };
		A157806F195065B5000C5E19 /* image1@2x.jpg in Resources */ = {isa = PBXBuildFile; fileRef = A157806C195065B5000C5E19 /* image1@2x.jpg */; };
		A1578070195065B5000C5E19 /* image2@2x.jpg in Resources */ = {isa = PBXBuildFile; fileRef = A157806D195065B5000C5E19 /* image2@2x.jpg */; };
		A1578071195065B5000C5E19 /* image3@2x.jpg in Resources */ = {isa = PBXBuildFile; fileRef = A157806E195065B5000C5E19 /* image3@2x.jpg */; };
		A1578073195065C6000C5E19 /* shadow@2x.png in Resources */ = {isa = PBXBuildFile; fileRef = A1578072195065C6000C5E19 /* shadow@2x.png */; };
		A16AFEF0194F29E5008BFBE1 /* launch.png in Resources */ = {isa = PBXBuildFile; fileRef = A16AFEEE194F29E5008BFBE1 /* launch.png */; };
		A16AFEF1194F29E5008BFBE1 /* LaunchImage.png in Resources */ = {isa = PBXBuildFile; fileRef = A16AFEEF194F29E5008BFBE1 /* LaunchImage.png */; };
		A16AFEF5194F3520008BFBE1 /* Images.xcassets in Resources */ = {isa = PBXBuildFile; fileRef = A16AFEF4194F3520008BFBE1 /* Images.xcassets */; };
		A16AFEF9194F3EB5008BFBE1 /* Map.swift in Sources */ = {isa = PBXBuildFile; fileRef = A16AFEF8194F3EB5008BFBE1 /* Map.swift */; };
		A16AFEFB194F3EC6008BFBE1 /* Friend.swift in Sources */ = {isa = PBXBuildFile; fileRef = A16AFEFA194F3EC6008BFBE1 /* Friend.swift */; };
		A16AFEFD194F3ED9008BFBE1 /* Achieve.swift in Sources */ = {isa = PBXBuildFile; fileRef = A16AFEFC194F3ED9008BFBE1 /* Achieve.swift */; };
		A16AFEFF194F3EEB008BFBE1 /* Setting.swift in Sources */ = {isa = PBXBuildFile; fileRef = A16AFEFE194F3EEB008BFBE1 /* Setting.swift */; };
		A176B1031948227500C1BD5C /* MainTabController.swift in Sources */ = {isa = PBXBuildFile; fileRef = A176B1021948227500C1BD5C /* MainTabController.swift */; };
		A176B1061948914B00C1BD5C /* btn_pause_noword.png in Resources */ = {isa = PBXBuildFile; fileRef = A176B1041948914B00C1BD5C /* btn_pause_noword.png */; };
		A176B1071948914B00C1BD5C /* btn_stop_noword.png in Resources */ = {isa = PBXBuildFile; fileRef = A176B1051948914B00C1BD5C /* btn_stop_noword.png */; };
		A176B1091948917600C1BD5C /* btn_run.png in Resources */ = {isa = PBXBuildFile; fileRef = A176B1081948917600C1BD5C /* btn_run.png */; };
		A18AFAED1940847900637D8B /* Foundation.framework in Frameworks */ = {isa = PBXBuildFile; fileRef = A18AFAEC1940847900637D8B /* Foundation.framework */; };
		A18AFAEF1940AE8A00637D8B /* LoginViewController.swift in Sources */ = {isa = PBXBuildFile; fileRef = A18AFAEE1940AE8A00637D8B /* LoginViewController.swift */; };
		A18AFAF11940AF0800637D8B /* FacebookSDK.framework in Frameworks */ = {isa = PBXBuildFile; fileRef = A18AFAF01940AF0800637D8B /* FacebookSDK.framework */; };
		A18EC0FD193EDFE7000E2D55 /* AppDelegate.swift in Sources */ = {isa = PBXBuildFile; fileRef = A18EC0FC193EDFE7000E2D55 /* AppDelegate.swift */; };
		A18EC102193EDFE7000E2D55 /* Main.storyboard in Resources */ = {isa = PBXBuildFile; fileRef = A18EC100193EDFE7000E2D55 /* Main.storyboard */; };
		A18EC110193EDFE7000E2D55 /* CheerRunTests.swift in Sources */ = {isa = PBXBuildFile; fileRef = A18EC10F193EDFE7000E2D55 /* CheerRunTests.swift */; };
		A18EC11A193EE8F3000E2D55 /* MapKit.framework in Frameworks */ = {isa = PBXBuildFile; fileRef = A18EC119193EE8F3000E2D55 /* MapKit.framework */; };
		A18EC11C193EE9D9000E2D55 /* CoreGraphics.framework in Frameworks */ = {isa = PBXBuildFile; fileRef = A18EC11B193EE9D9000E2D55 /* CoreGraphics.framework */; };
		A18EC11E193EE9EA000E2D55 /* CoreLocation.framework in Frameworks */ = {isa = PBXBuildFile; fileRef = A18EC11D193EE9EA000E2D55 /* CoreLocation.framework */; };
		A18EC120193EE9F9000E2D55 /* UIKit.framework in Frameworks */ = {isa = PBXBuildFile; fileRef = A18EC11F193EE9F9000E2D55 /* UIKit.framework */; };
		A18EC123193EEB12000E2D55 /* Social.framework in Frameworks */ = {isa = PBXBuildFile; fileRef = A18EC122193EEB12000E2D55 /* Social.framework */; };
		A1943B81195390A300893DB8 /* HealthKit.framework in Frameworks */ = {isa = PBXBuildFile; fileRef = A1943B80195390A300893DB8 /* HealthKit.framework */; };
		A1C32D70193F8C6E00B8F9DF /* MainRunViewController.swift in Sources */ = {isa = PBXBuildFile; fileRef = A1C32D6F193F8C6E00B8F9DF /* MainRunViewController.swift */; };
		A1C32D7A193F9AE000B8F9DF /* icon_music_lime.png in Resources */ = {isa = PBXBuildFile; fileRef = A1C32D72193F9AE000B8F9DF /* icon_music_lime.png */; };
		A1C32D7B193F9AE000B8F9DF /* icon_music_grey.png in Resources */ = {isa = PBXBuildFile; fileRef = A1C32D73193F9AE000B8F9DF /* icon_music_grey.png */; };
		A1C32D7C193F9AE000B8F9DF /* icon_map_lime.png in Resources */ = {isa = PBXBuildFile; fileRef = A1C32D74193F9AE000B8F9DF /* icon_map_lime.png */; };
		A1C32D7D193F9AE000B8F9DF /* icon_map_grey.png in Resources */ = {isa = PBXBuildFile; fileRef = A1C32D75193F9AE000B8F9DF /* icon_map_grey.png */; };
		A1C32D7E193F9AE000B8F9DF /* icon_friends_lime.png in Resources */ = {isa = PBXBuildFile; fileRef = A1C32D76193F9AE000B8F9DF /* icon_friends_lime.png */; };
		A1C32D7F193F9AE000B8F9DF /* icon_friends_grey.png in Resources */ = {isa = PBXBuildFile; fileRef = A1C32D77193F9AE000B8F9DF /* icon_friends_grey.png */; };
		A1C32D80193F9AE000B8F9DF /* icon_achieve_lime.png in Resources */ = {isa = PBXBuildFile; fileRef = A1C32D78193F9AE000B8F9DF /* icon_achieve_lime.png */; };
		A1C32D81193F9AE000B8F9DF /* icon_achieve_grey.png in Resources */ = {isa = PBXBuildFile; fileRef = A1C32D79193F9AE000B8F9DF /* icon_achieve_grey.png */; };
		A1C81EB6194572B200E56DB2 /* AchievementViewController.swift in Sources */ = {isa = PBXBuildFile; fileRef = A1C81EB5194572B200E56DB2 /* AchievementViewController.swift */; };
		A1C81EB819457F5900E56DB2 /* DistanceView.swift in Sources */ = {isa = PBXBuildFile; fileRef = A1C81EB719457F5900E56DB2 /* DistanceView.swift */; };
		A1CA6E6219437533003543E4 /* FriendListViewController.swift in Sources */ = {isa = PBXBuildFile; fileRef = A1CA6E6119437533003543E4 /* FriendListViewController.swift */; };
		A1CA6E6419448299003543E4 /* UserData.swift in Sources */ = {isa = PBXBuildFile; fileRef = A1CA6E6319448299003543E4 /* UserData.swift */; };
		A1D18F4F19581DDB00874F73 /* audio_1402908132984_2.mp3 in Resources */ = {isa = PBXBuildFile; fileRef = A1D18F4E19581DDB00874F73 /* audio_1402908132984_2.mp3 */; };
		A1D28E281949A031009C7F8F /* btn_message.png in Resources */ = {isa = PBXBuildFile; fileRef = A1D28E251949A031009C7F8F /* btn_message.png */; };
		A1D28E291949A031009C7F8F /* btm_invite.png in Resources */ = {isa = PBXBuildFile; fileRef = A1D28E261949A031009C7F8F /* btm_invite.png */; };
		A1D28E2A1949A031009C7F8F /* icon_runningstatus.png in Resources */ = {isa = PBXBuildFile; fileRef = A1D28E271949A031009C7F8F /* icon_runningstatus.png */; };
		A1DB36A7194B615D004099D0 /* SCLAlertView.swift in Sources */ = {isa = PBXBuildFile; fileRef = A1DB36A5194B615D004099D0 /* SCLAlertView.swift */; };
		A1DB36A9194B8132004099D0 /* AVFoundation.framework in Frameworks */ = {isa = PBXBuildFile; fileRef = A1DB36A8194B8132004099D0 /* AVFoundation.framework */; };
		A1F326A119517D1E008E01E1 /* btn_arrow.png in Resources */ = {isa = PBXBuildFile; fileRef = A1F326A019517D1E008E01E1 /* btn_arrow.png */; };
		A1FB7192194C5D3900D60E02 /* Parse.framework in Frameworks */ = {isa = PBXBuildFile; fileRef = A1FB7191194C5D3900D60E02 /* Parse.framework */; };
		A1FB7194194C5FFB00D60E02 /* AudioToolbox.framework in Frameworks */ = {isa = PBXBuildFile; fileRef = A1FB7193194C5FFB00D60E02 /* AudioToolbox.framework */; };
		A1FB7196194C600200D60E02 /* CFNetwork.framework in Frameworks */ = {isa = PBXBuildFile; fileRef = A1FB7195194C600200D60E02 /* CFNetwork.framework */; };
		A1FB719A194C603300D60E02 /* MobileCoreServices.framework in Frameworks */ = {isa = PBXBuildFile; fileRef = A1FB7199194C603300D60E02 /* MobileCoreServices.framework */; };
		A1FB719C194C603C00D60E02 /* QuartzCore.framework in Frameworks */ = {isa = PBXBuildFile; fileRef = A1FB719B194C603C00D60E02 /* QuartzCore.framework */; };
		A1FB719E194C604A00D60E02 /* Security.framework in Frameworks */ = {isa = PBXBuildFile; fileRef = A1FB719D194C604A00D60E02 /* Security.framework */; };
		A1FB71A2194C606000D60E02 /* SystemConfiguration.framework in Frameworks */ = {isa = PBXBuildFile; fileRef = A1FB71A1194C606000D60E02 /* SystemConfiguration.framework */; };
		A1FB71A4194C65D600D60E02 /* libz.dylib in Frameworks */ = {isa = PBXBuildFile; fileRef = A1FB71A3194C65D600D60E02 /* libz.dylib */; };
		A1FDADFC19520FA5005FDE29 /* PersonalSettingController.swift in Sources */ = {isa = PBXBuildFile; fileRef = A1FDADFB19520FA5005FDE29 /* PersonalSettingController.swift */; };
/* End PBXBuildFile section */

/* Begin PBXContainerItemProxy section */
		A18EC10A193EDFE7000E2D55 /* PBXContainerItemProxy */ = {
			isa = PBXContainerItemProxy;
			containerPortal = A18EC0EF193EDFE7000E2D55 /* Project object */;
			proxyType = 1;
			remoteGlobalIDString = A18EC0F6193EDFE7000E2D55;
			remoteInfo = CheerRun;
		};
/* End PBXContainerItemProxy section */

/* Begin PBXFileReference section */
		A105C8DF194A193F006C05C3 /* SettingsViewController.swift */ = {isa = PBXFileReference; fileEncoding = 4; lastKnownFileType = sourcecode.swift; path = SettingsViewController.swift; sourceTree = "<group>"; };
		A157806319505D4D000C5E19 /* IntroControll.h */ = {isa = PBXFileReference; fileEncoding = 4; lastKnownFileType = sourcecode.c.h; path = IntroControll.h; sourceTree = "<group>"; };
		A157806419505D4D000C5E19 /* IntroControll.m */ = {isa = PBXFileReference; fileEncoding = 4; lastKnownFileType = sourcecode.c.objc; path = IntroControll.m; sourceTree = "<group>"; };
		A157806519505D4D000C5E19 /* IntroModel.h */ = {isa = PBXFileReference; fileEncoding = 4; lastKnownFileType = sourcecode.c.h; path = IntroModel.h; sourceTree = "<group>"; };
		A157806619505D4D000C5E19 /* IntroModel.m */ = {isa = PBXFileReference; fileEncoding = 4; lastKnownFileType = sourcecode.c.objc; path = IntroModel.m; sourceTree = "<group>"; };
		A157806719505D4D000C5E19 /* IntroView.h */ = {isa = PBXFileReference; fileEncoding = 4; lastKnownFileType = sourcecode.c.h; path = IntroView.h; sourceTree = "<group>"; };
		A157806819505D4D000C5E19 /* IntroView.m */ = {isa = PBXFileReference; fileEncoding = 4; lastKnownFileType = sourcecode.c.objc; path = IntroView.m; sourceTree = "<group>"; };
		A157806C195065B5000C5E19 /* image1@2x.jpg */ = {isa = PBXFileReference; lastKnownFileType = image.jpeg; path = "image1@2x.jpg"; sourceTree = "<group>"; };
		A157806D195065B5000C5E19 /* image2@2x.jpg */ = {isa = PBXFileReference; lastKnownFileType = image.jpeg; path = "image2@2x.jpg"; sourceTree = "<group>"; };
		A157806E195065B5000C5E19 /* image3@2x.jpg */ = {isa = PBXFileReference; lastKnownFileType = image.jpeg; path = "image3@2x.jpg"; sourceTree = "<group>"; };
		A1578072195065C6000C5E19 /* shadow@2x.png */ = {isa = PBXFileReference; lastKnownFileType = image.png; path = "shadow@2x.png"; sourceTree = "<group>"; };
		A16AFEEE194F29E5008BFBE1 /* launch.png */ = {isa = PBXFileReference; lastKnownFileType = image.png; path = launch.png; sourceTree = "<group>"; };
		A16AFEEF194F29E5008BFBE1 /* LaunchImage.png */ = {isa = PBXFileReference; lastKnownFileType = image.png; path = LaunchImage.png; sourceTree = "<group>"; };
		A16AFEF4194F3520008BFBE1 /* Images.xcassets */ = {isa = PBXFileReference; lastKnownFileType = folder.assetcatalog; path = Images.xcassets; sourceTree = "<group>"; };
		A16AFEF8194F3EB5008BFBE1 /* Map.swift */ = {isa = PBXFileReference; fileEncoding = 4; lastKnownFileType = sourcecode.swift; path = Map.swift; sourceTree = "<group>"; };
		A16AFEFA194F3EC6008BFBE1 /* Friend.swift */ = {isa = PBXFileReference; fileEncoding = 4; lastKnownFileType = sourcecode.swift; path = Friend.swift; sourceTree = "<group>"; };
		A16AFEFC194F3ED9008BFBE1 /* Achieve.swift */ = {isa = PBXFileReference; fileEncoding = 4; lastKnownFileType = sourcecode.swift; path = Achieve.swift; sourceTree = "<group>"; };
		A16AFEFE194F3EEB008BFBE1 /* Setting.swift */ = {isa = PBXFileReference; fileEncoding = 4; lastKnownFileType = sourcecode.swift; path = Setting.swift; sourceTree = "<group>"; };
		A176B1021948227500C1BD5C /* MainTabController.swift */ = {isa = PBXFileReference; fileEncoding = 4; lastKnownFileType = sourcecode.swift; path = MainTabController.swift; sourceTree = "<group>"; };
		A176B1041948914B00C1BD5C /* btn_pause_noword.png */ = {isa = PBXFileReference; lastKnownFileType = image.png; path = btn_pause_noword.png; sourceTree = "<group>"; };
		A176B1051948914B00C1BD5C /* btn_stop_noword.png */ = {isa = PBXFileReference; lastKnownFileType = image.png; path = btn_stop_noword.png; sourceTree = "<group>"; };
		A176B1081948917600C1BD5C /* btn_run.png */ = {isa = PBXFileReference; lastKnownFileType = image.png; path = btn_run.png; sourceTree = "<group>"; };
		A18AFAEC1940847900637D8B /* Foundation.framework */ = {isa = PBXFileReference; lastKnownFileType = wrapper.framework; name = Foundation.framework; path = System/Library/Frameworks/Foundation.framework; sourceTree = SDKROOT; };
		A18AFAEE1940AE8A00637D8B /* LoginViewController.swift */ = {isa = PBXFileReference; fileEncoding = 4; lastKnownFileType = sourcecode.swift; path = LoginViewController.swift; sourceTree = "<group>"; };
		A18AFAF01940AF0800637D8B /* FacebookSDK.framework */ = {isa = PBXFileReference; lastKnownFileType = wrapper.framework; name = FacebookSDK.framework; path = ../../Documents/FacebookSDK/FacebookSDK.framework; sourceTree = "<group>"; };
		A18EC0F7193EDFE7000E2D55 /* CheerRun.app */ = {isa = PBXFileReference; explicitFileType = wrapper.application; includeInIndex = 0; path = CheerRun.app; sourceTree = BUILT_PRODUCTS_DIR; };
		A18EC0FB193EDFE7000E2D55 /* Info.plist */ = {isa = PBXFileReference; lastKnownFileType = text.plist.xml; path = Info.plist; sourceTree = "<group>"; };
		A18EC0FC193EDFE7000E2D55 /* AppDelegate.swift */ = {isa = PBXFileReference; lastKnownFileType = sourcecode.swift; path = AppDelegate.swift; sourceTree = "<group>"; };
		A18EC101193EDFE7000E2D55 /* Base */ = {isa = PBXFileReference; lastKnownFileType = file.storyboard; name = Base; path = Base.lproj/Main.storyboard; sourceTree = "<group>"; };
		A18EC109193EDFE7000E2D55 /* CheerRunTests.xctest */ = {isa = PBXFileReference; explicitFileType = wrapper.cfbundle; includeInIndex = 0; path = CheerRunTests.xctest; sourceTree = BUILT_PRODUCTS_DIR; };
		A18EC10E193EDFE7000E2D55 /* Info.plist */ = {isa = PBXFileReference; lastKnownFileType = text.plist.xml; path = Info.plist; sourceTree = "<group>"; };
		A18EC10F193EDFE7000E2D55 /* CheerRunTests.swift */ = {isa = PBXFileReference; lastKnownFileType = sourcecode.swift; path = CheerRunTests.swift; sourceTree = "<group>"; };
		A18EC119193EE8F3000E2D55 /* MapKit.framework */ = {isa = PBXFileReference; lastKnownFileType = wrapper.framework; name = MapKit.framework; path = System/Library/Frameworks/MapKit.framework; sourceTree = SDKROOT; };
		A18EC11B193EE9D9000E2D55 /* CoreGraphics.framework */ = {isa = PBXFileReference; lastKnownFileType = wrapper.framework; name = CoreGraphics.framework; path = System/Library/Frameworks/CoreGraphics.framework; sourceTree = SDKROOT; };
		A18EC11D193EE9EA000E2D55 /* CoreLocation.framework */ = {isa = PBXFileReference; lastKnownFileType = wrapper.framework; name = CoreLocation.framework; path = System/Library/Frameworks/CoreLocation.framework; sourceTree = SDKROOT; };
		A18EC11F193EE9F9000E2D55 /* UIKit.framework */ = {isa = PBXFileReference; lastKnownFileType = wrapper.framework; name = UIKit.framework; path = System/Library/Frameworks/UIKit.framework; sourceTree = SDKROOT; };
		A18EC122193EEB12000E2D55 /* Social.framework */ = {isa = PBXFileReference; lastKnownFileType = wrapper.framework; name = Social.framework; path = System/Library/Frameworks/Social.framework; sourceTree = SDKROOT; };
		A1943B7F195390A300893DB8 /* CheerRun.entitlements */ = {isa = PBXFileReference; lastKnownFileType = text.xml; path = CheerRun.entitlements; sourceTree = "<group>"; };
		A1943B80195390A300893DB8 /* HealthKit.framework */ = {isa = PBXFileReference; lastKnownFileType = wrapper.framework; name = HealthKit.framework; path = System/Library/Frameworks/HealthKit.framework; sourceTree = SDKROOT; };
		A1C32D6F193F8C6E00B8F9DF /* MainRunViewController.swift */ = {isa = PBXFileReference; fileEncoding = 4; lastKnownFileType = sourcecode.swift; path = MainRunViewController.swift; sourceTree = "<group>"; };
		A1C32D72193F9AE000B8F9DF /* icon_music_lime.png */ = {isa = PBXFileReference; lastKnownFileType = image.png; path = icon_music_lime.png; sourceTree = "<group>"; };
		A1C32D73193F9AE000B8F9DF /* icon_music_grey.png */ = {isa = PBXFileReference; lastKnownFileType = image.png; path = icon_music_grey.png; sourceTree = "<group>"; };
		A1C32D74193F9AE000B8F9DF /* icon_map_lime.png */ = {isa = PBXFileReference; lastKnownFileType = image.png; path = icon_map_lime.png; sourceTree = "<group>"; };
		A1C32D75193F9AE000B8F9DF /* icon_map_grey.png */ = {isa = PBXFileReference; lastKnownFileType = image.png; path = icon_map_grey.png; sourceTree = "<group>"; };
		A1C32D76193F9AE000B8F9DF /* icon_friends_lime.png */ = {isa = PBXFileReference; lastKnownFileType = image.png; path = icon_friends_lime.png; sourceTree = "<group>"; };
		A1C32D77193F9AE000B8F9DF /* icon_friends_grey.png */ = {isa = PBXFileReference; lastKnownFileType = image.png; path = icon_friends_grey.png; sourceTree = "<group>"; };
		A1C32D78193F9AE000B8F9DF /* icon_achieve_lime.png */ = {isa = PBXFileReference; lastKnownFileType = image.png; path = icon_achieve_lime.png; sourceTree = "<group>"; };
		A1C32D79193F9AE000B8F9DF /* icon_achieve_grey.png */ = {isa = PBXFileReference; lastKnownFileType = image.png; path = icon_achieve_grey.png; sourceTree = "<group>"; };
		A1C81EB5194572B200E56DB2 /* AchievementViewController.swift */ = {isa = PBXFileReference; fileEncoding = 4; lastKnownFileType = sourcecode.swift; path = AchievementViewController.swift; sourceTree = "<group>"; };
		A1C81EB719457F5900E56DB2 /* DistanceView.swift */ = {isa = PBXFileReference; fileEncoding = 4; lastKnownFileType = sourcecode.swift; path = DistanceView.swift; sourceTree = "<group>"; };
		A1CA6E5D19432B81003543E4 /* CheerRun-Bridging-Header.h */ = {isa = PBXFileReference; lastKnownFileType = sourcecode.c.h; path = "CheerRun-Bridging-Header.h"; sourceTree = "<group>"; };
		A1CA6E6019437418003543E4 /* MyPlayground.playground */ = {isa = PBXFileReference; lastKnownFileType = file.playground; path = MyPlayground.playground; sourceTree = "<group>"; };
		A1CA6E6119437533003543E4 /* FriendListViewController.swift */ = {isa = PBXFileReference; fileEncoding = 4; lastKnownFileType = sourcecode.swift; path = FriendListViewController.swift; sourceTree = "<group>"; };
		A1CA6E6319448299003543E4 /* UserData.swift */ = {isa = PBXFileReference; fileEncoding = 4; lastKnownFileType = sourcecode.swift; path = UserData.swift; sourceTree = "<group>"; };
		A1D18F4E19581DDB00874F73 /* audio_1402908132984_2.mp3 */ = {isa = PBXFileReference; lastKnownFileType = audio.mp3; path = audio_1402908132984_2.mp3; sourceTree = "<group>"; };
		A1D28E251949A031009C7F8F /* btn_message.png */ = {isa = PBXFileReference; lastKnownFileType = image.png; path = btn_message.png; sourceTree = "<group>"; };
		A1D28E261949A031009C7F8F /* btm_invite.png */ = {isa = PBXFileReference; lastKnownFileType = image.png; path = btm_invite.png; sourceTree = "<group>"; };
		A1D28E271949A031009C7F8F /* icon_runningstatus.png */ = {isa = PBXFileReference; lastKnownFileType = image.png; path = icon_runningstatus.png; sourceTree = "<group>"; };
		A1DB36A5194B615D004099D0 /* SCLAlertView.swift */ = {isa = PBXFileReference; fileEncoding = 4; lastKnownFileType = sourcecode.swift; path = SCLAlertView.swift; sourceTree = "<group>"; };
		A1DB36A8194B8132004099D0 /* AVFoundation.framework */ = {isa = PBXFileReference; lastKnownFileType = wrapper.framework; name = AVFoundation.framework; path = System/Library/Frameworks/AVFoundation.framework; sourceTree = SDKROOT; };
		A1F326A019517D1E008E01E1 /* btn_arrow.png */ = {isa = PBXFileReference; lastKnownFileType = image.png; path = btn_arrow.png; sourceTree = "<group>"; };
		A1FB7191194C5D3900D60E02 /* Parse.framework */ = {isa = PBXFileReference; lastKnownFileType = wrapper.framework; name = Parse.framework; path = ../../Documents/Parse.framework; sourceTree = "<group>"; };
		A1FB7193194C5FFB00D60E02 /* AudioToolbox.framework */ = {isa = PBXFileReference; lastKnownFileType = wrapper.framework; name = AudioToolbox.framework; path = System/Library/Frameworks/AudioToolbox.framework; sourceTree = SDKROOT; };
		A1FB7195194C600200D60E02 /* CFNetwork.framework */ = {isa = PBXFileReference; lastKnownFileType = wrapper.framework; name = CFNetwork.framework; path = System/Library/Frameworks/CFNetwork.framework; sourceTree = SDKROOT; };
		A1FB7197194C602400D60E02 /* libtzupdate.dylib */ = {isa = PBXFileReference; lastKnownFileType = "compiled.mach-o.dylib"; name = libtzupdate.dylib; path = usr/lib/libtzupdate.dylib; sourceTree = SDKROOT; };
		A1FB7199194C603300D60E02 /* MobileCoreServices.framework */ = {isa = PBXFileReference; lastKnownFileType = wrapper.framework; name = MobileCoreServices.framework; path = System/Library/Frameworks/MobileCoreServices.framework; sourceTree = SDKROOT; };
		A1FB719B194C603C00D60E02 /* QuartzCore.framework */ = {isa = PBXFileReference; lastKnownFileType = wrapper.framework; name = QuartzCore.framework; path = System/Library/Frameworks/QuartzCore.framework; sourceTree = SDKROOT; };
		A1FB719D194C604A00D60E02 /* Security.framework */ = {isa = PBXFileReference; lastKnownFileType = wrapper.framework; name = Security.framework; path = System/Library/Frameworks/Security.framework; sourceTree = SDKROOT; };
		A1FB71A1194C606000D60E02 /* SystemConfiguration.framework */ = {isa = PBXFileReference; lastKnownFileType = wrapper.framework; name = SystemConfiguration.framework; path = System/Library/Frameworks/SystemConfiguration.framework; sourceTree = SDKROOT; };
		A1FB71A3194C65D600D60E02 /* libz.dylib */ = {isa = PBXFileReference; lastKnownFileType = "compiled.mach-o.dylib"; name = libz.dylib; path = usr/lib/libz.dylib; sourceTree = SDKROOT; };
		A1FDADFB19520FA5005FDE29 /* PersonalSettingController.swift */ = {isa = PBXFileReference; fileEncoding = 4; lastKnownFileType = sourcecode.swift; path = PersonalSettingController.swift; sourceTree = "<group>"; };
/* End PBXFileReference section */

/* Begin PBXFrameworksBuildPhase section */
		A18EC0F4193EDFE7000E2D55 /* Frameworks */ = {
			isa = PBXFrameworksBuildPhase;
			buildActionMask = 2147483647;
			files = (
				A1FB71A4194C65D600D60E02 /* libz.dylib in Frameworks */,
				A1FB71A2194C606000D60E02 /* SystemConfiguration.framework in Frameworks */,
				A1FB719E194C604A00D60E02 /* Security.framework in Frameworks */,
				A1FB719C194C603C00D60E02 /* QuartzCore.framework in Frameworks */,
				A1FB719A194C603300D60E02 /* MobileCoreServices.framework in Frameworks */,
				A1FB7196194C600200D60E02 /* CFNetwork.framework in Frameworks */,
				A1FB7194194C5FFB00D60E02 /* AudioToolbox.framework in Frameworks */,
				A1FB7192194C5D3900D60E02 /* Parse.framework in Frameworks */,
				A1DB36A9194B8132004099D0 /* AVFoundation.framework in Frameworks */,
				A18AFAF11940AF0800637D8B /* FacebookSDK.framework in Frameworks */,
				A18AFAED1940847900637D8B /* Foundation.framework in Frameworks */,
				A18EC123193EEB12000E2D55 /* Social.framework in Frameworks */,
				A1943B81195390A300893DB8 /* HealthKit.framework in Frameworks */,
				A18EC120193EE9F9000E2D55 /* UIKit.framework in Frameworks */,
				A18EC11E193EE9EA000E2D55 /* CoreLocation.framework in Frameworks */,
				A18EC11C193EE9D9000E2D55 /* CoreGraphics.framework in Frameworks */,
				A18EC11A193EE8F3000E2D55 /* MapKit.framework in Frameworks */,
			);
			runOnlyForDeploymentPostprocessing = 0;
		};
		A18EC106193EDFE7000E2D55 /* Frameworks */ = {
			isa = PBXFrameworksBuildPhase;
			buildActionMask = 2147483647;
			files = (
			);
			runOnlyForDeploymentPostprocessing = 0;
		};
/* End PBXFrameworksBuildPhase section */

/* Begin PBXGroup section */
		A16AFEF7194F3E8C008BFBE1 /* NavigationController */ = {
			isa = PBXGroup;
			children = (
				A16AFEF8194F3EB5008BFBE1 /* Map.swift */,
				A16AFEFA194F3EC6008BFBE1 /* Friend.swift */,
				A16AFEFC194F3ED9008BFBE1 /* Achieve.swift */,
				A16AFEFE194F3EEB008BFBE1 /* Setting.swift */,
			);
			name = NavigationController;
			sourceTree = "<group>";
		};
		A18EC0EE193EDFE7000E2D55 = {
			isa = PBXGroup;
			children = (
				A1C32D71193F9A5300B8F9DF /* Resources */,
				A18EC0F9193EDFE7000E2D55 /* CheerRun */,
				A18EC10C193EDFE7000E2D55 /* CheerRunTests */,
				A18EC0F8193EDFE7000E2D55 /* Products */,
				A18EC121193EEAA2000E2D55 /* Frameworks */,
			);
			sourceTree = "<group>";
		};
		A18EC0F8193EDFE7000E2D55 /* Products */ = {
			isa = PBXGroup;
			children = (
				A18EC0F7193EDFE7000E2D55 /* CheerRun.app */,
				A18EC109193EDFE7000E2D55 /* CheerRunTests.xctest */,
			);
			name = Products;
			sourceTree = "<group>";
		};
		A18EC0F9193EDFE7000E2D55 /* CheerRun */ = {
			isa = PBXGroup;
			children = (
				A1943B7F195390A300893DB8 /* CheerRun.entitlements */,
				A16AFEF7194F3E8C008BFBE1 /* NavigationController */,
				A1DB36A3194B615D004099D0 /* Classes */,
				A18EC100193EDFE7000E2D55 /* Main.storyboard */,
				A176B1021948227500C1BD5C /* MainTabController.swift */,
				A1CA6E6319448299003543E4 /* UserData.swift */,
				A1C32D6F193F8C6E00B8F9DF /* MainRunViewController.swift */,
				A18EC0FC193EDFE7000E2D55 /* AppDelegate.swift */,
				A18AFAEE1940AE8A00637D8B /* LoginViewController.swift */,
				A1CA6E6119437533003543E4 /* FriendListViewController.swift */,
				A1C81EB5194572B200E56DB2 /* AchievementViewController.swift */,
				A1C81EB719457F5900E56DB2 /* DistanceView.swift */,
				A105C8DF194A193F006C05C3 /* SettingsViewController.swift */,
				A1FDADFB19520FA5005FDE29 /* PersonalSettingController.swift */,
				A18EC0FA193EDFE7000E2D55 /* Supporting Files */,
				A1CA6E5D19432B81003543E4 /* CheerRun-Bridging-Header.h */,
				A1CA6E6019437418003543E4 /* MyPlayground.playground */,
				A16AFEF4194F3520008BFBE1 /* Images.xcassets */,
			);
			path = CheerRun;
			sourceTree = "<group>";
		};
		A18EC0FA193EDFE7000E2D55 /* Supporting Files */ = {
			isa = PBXGroup;
			children = (
				A18EC0FB193EDFE7000E2D55 /* Info.plist */,
			);
			name = "Supporting Files";
			sourceTree = "<group>";
		};
		A18EC10C193EDFE7000E2D55 /* CheerRunTests */ = {
			isa = PBXGroup;
			children = (
				A18EC10F193EDFE7000E2D55 /* CheerRunTests.swift */,
				A18EC10D193EDFE7000E2D55 /* Supporting Files */,
			);
			path = CheerRunTests;
			sourceTree = "<group>";
		};
		A18EC10D193EDFE7000E2D55 /* Supporting Files */ = {
			isa = PBXGroup;
			children = (
				A18EC10E193EDFE7000E2D55 /* Info.plist */,
			);
			name = "Supporting Files";
			sourceTree = "<group>";
		};
		A18EC121193EEAA2000E2D55 /* Frameworks */ = {
			isa = PBXGroup;
			children = (
				A1943B80195390A300893DB8 /* HealthKit.framework */,
				A1FB71A3194C65D600D60E02 /* libz.dylib */,
				A1FB71A1194C606000D60E02 /* SystemConfiguration.framework */,
				A1FB719D194C604A00D60E02 /* Security.framework */,
				A1FB719B194C603C00D60E02 /* QuartzCore.framework */,
				A1FB7199194C603300D60E02 /* MobileCoreServices.framework */,
				A1FB7197194C602400D60E02 /* libtzupdate.dylib */,
				A1FB7195194C600200D60E02 /* CFNetwork.framework */,
				A1FB7193194C5FFB00D60E02 /* AudioToolbox.framework */,
				A1FB7191194C5D3900D60E02 /* Parse.framework */,
				A1DB36A8194B8132004099D0 /* AVFoundation.framework */,
				A18AFAF01940AF0800637D8B /* FacebookSDK.framework */,
				A18AFAEC1940847900637D8B /* Foundation.framework */,
				A18EC122193EEB12000E2D55 /* Social.framework */,
				A18EC11F193EE9F9000E2D55 /* UIKit.framework */,
				A18EC11D193EE9EA000E2D55 /* CoreLocation.framework */,
				A18EC11B193EE9D9000E2D55 /* CoreGraphics.framework */,
				A18EC119193EE8F3000E2D55 /* MapKit.framework */,
			);
			name = Frameworks;
			sourceTree = "<group>";
		};
		A1C32D71193F9A5300B8F9DF /* Resources */ = {
			isa = PBXGroup;
			children = (
				A1D18F4E19581DDB00874F73 /* audio_1402908132984_2.mp3 */,
				A1F326A019517D1E008E01E1 /* btn_arrow.png */,
				A1578072195065C6000C5E19 /* shadow@2x.png */,
				A157806C195065B5000C5E19 /* image1@2x.jpg */,
				A157806D195065B5000C5E19 /* image2@2x.jpg */,
				A157806E195065B5000C5E19 /* image3@2x.jpg */,
				A16AFEEE194F29E5008BFBE1 /* launch.png */,
				A16AFEEF194F29E5008BFBE1 /* LaunchImage.png */,
				A1D28E251949A031009C7F8F /* btn_message.png */,
				A1D28E261949A031009C7F8F /* btm_invite.png */,
				A1D28E271949A031009C7F8F /* icon_runningstatus.png */,
				A176B1081948917600C1BD5C /* btn_run.png */,
				A176B1041948914B00C1BD5C /* btn_pause_noword.png */,
				A176B1051948914B00C1BD5C /* btn_stop_noword.png */,
				A1C32D72193F9AE000B8F9DF /* icon_music_lime.png */,
				A1C32D73193F9AE000B8F9DF /* icon_music_grey.png */,
				A1C32D74193F9AE000B8F9DF /* icon_map_lime.png */,
				A1C32D75193F9AE000B8F9DF /* icon_map_grey.png */,
				A1C32D76193F9AE000B8F9DF /* icon_friends_lime.png */,
				A1C32D77193F9AE000B8F9DF /* icon_friends_grey.png */,
				A1C32D78193F9AE000B8F9DF /* icon_achieve_lime.png */,
				A1C32D79193F9AE000B8F9DF /* icon_achieve_grey.png */,
			);
			name = Resources;
			sourceTree = "<group>";
		};
		A1DB36A3194B615D004099D0 /* Classes */ = {
			isa = PBXGroup;
			children = (
				A157806319505D4D000C5E19 /* IntroControll.h */,
				A157806419505D4D000C5E19 /* IntroControll.m */,
				A157806519505D4D000C5E19 /* IntroModel.h */,
				A157806619505D4D000C5E19 /* IntroModel.m */,
				A157806719505D4D000C5E19 /* IntroView.h */,
				A157806819505D4D000C5E19 /* IntroView.m */,
				A1DB36A5194B615D004099D0 /* SCLAlertView.swift */,
			);
			path = Classes;
			sourceTree = "<group>";
		};
/* End PBXGroup section */

/* Begin PBXNativeTarget section */
		A18EC0F6193EDFE7000E2D55 /* CheerRun */ = {
			isa = PBXNativeTarget;
			buildConfigurationList = A18EC113193EDFE7000E2D55 /* Build configuration list for PBXNativeTarget "CheerRun" */;
			buildPhases = (
				A18EC0F3193EDFE7000E2D55 /* Sources */,
				A18EC0F4193EDFE7000E2D55 /* Frameworks */,
				A18EC0F5193EDFE7000E2D55 /* Resources */,
			);
			buildRules = (
			);
			dependencies = (
			);
			name = CheerRun;
			productName = CheerRun;
			productReference = A18EC0F7193EDFE7000E2D55 /* CheerRun.app */;
			productType = "com.apple.product-type.application";
		};
		A18EC108193EDFE7000E2D55 /* CheerRunTests */ = {
			isa = PBXNativeTarget;
			buildConfigurationList = A18EC116193EDFE7000E2D55 /* Build configuration list for PBXNativeTarget "CheerRunTests" */;
			buildPhases = (
				A18EC105193EDFE7000E2D55 /* Sources */,
				A18EC106193EDFE7000E2D55 /* Frameworks */,
				A18EC107193EDFE7000E2D55 /* Resources */,
			);
			buildRules = (
			);
			dependencies = (
				A18EC10B193EDFE7000E2D55 /* PBXTargetDependency */,
			);
			name = CheerRunTests;
			productName = CheerRunTests;
			productReference = A18EC109193EDFE7000E2D55 /* CheerRunTests.xctest */;
			productType = "com.apple.product-type.bundle.unit-test";
		};
/* End PBXNativeTarget section */

/* Begin PBXProject section */
		A18EC0EF193EDFE7000E2D55 /* Project object */ = {
			isa = PBXProject;
			attributes = {
				LastUpgradeCheck = 0600;
				ORGANIZATIONNAME = "Andy chen";
				TargetAttributes = {
					A18EC0F6193EDFE7000E2D55 = {
						CreatedOnToolsVersion = 6.0;
						DevelopmentTeam = X37JJV85D8;
						SystemCapabilities = {
							com.apple.BackgroundModes = {
								enabled = 1;
							};
							com.apple.HealthKit = {
								enabled = 1;
							};
							com.apple.HomeKit = {
								enabled = 0;
							};
							com.apple.InAppPurchase = {
								enabled = 0;
							};
						};
					};
					A18EC108193EDFE7000E2D55 = {
						CreatedOnToolsVersion = 6.0;
						TestTargetID = A18EC0F6193EDFE7000E2D55;
					};
				};
			};
			buildConfigurationList = A18EC0F2193EDFE7000E2D55 /* Build configuration list for PBXProject "CheerRun" */;
			compatibilityVersion = "Xcode 3.2";
			developmentRegion = English;
			hasScannedForEncodings = 0;
			knownRegions = (
				en,
				Base,
			);
			mainGroup = A18EC0EE193EDFE7000E2D55;
			productRefGroup = A18EC0F8193EDFE7000E2D55 /* Products */;
			projectDirPath = "";
			projectRoot = "";
			targets = (
				A18EC0F6193EDFE7000E2D55 /* CheerRun */,
				A18EC108193EDFE7000E2D55 /* CheerRunTests */,
			);
		};
/* End PBXProject section */

/* Begin PBXResourcesBuildPhase section */
		A18EC0F5193EDFE7000E2D55 /* Resources */ = {
			isa = PBXResourcesBuildPhase;
			buildActionMask = 2147483647;
			files = (
				A176B1061948914B00C1BD5C /* btn_pause_noword.png in Resources */,
				A176B1091948917600C1BD5C /* btn_run.png in Resources */,
				A157806F195065B5000C5E19 /* image1@2x.jpg in Resources */,
				A1578070195065B5000C5E19 /* image2@2x.jpg in Resources */,
				A18EC102193EDFE7000E2D55 /* Main.storyboard in Resources */,
				A1C32D7F193F9AE000B8F9DF /* icon_friends_grey.png in Resources */,
				A176B1071948914B00C1BD5C /* btn_stop_noword.png in Resources */,
				A1C32D7B193F9AE000B8F9DF /* icon_music_grey.png in Resources */,
				A1D28E2A1949A031009C7F8F /* icon_runningstatus.png in Resources */,
				A1C32D7D193F9AE000B8F9DF /* icon_map_grey.png in Resources */,
				A1C32D7C193F9AE000B8F9DF /* icon_map_lime.png in Resources */,
				A16AFEF5194F3520008BFBE1 /* Images.xcassets in Resources */,
				A1D28E291949A031009C7F8F /* btm_invite.png in Resources */,
				A16AFEF0194F29E5008BFBE1 /* launch.png in Resources */,
				A1578073195065C6000C5E19 /* shadow@2x.png in Resources */,
				A1C32D7A193F9AE000B8F9DF /* icon_music_lime.png in Resources */,
				A1F326A119517D1E008E01E1 /* btn_arrow.png in Resources */,
				A1C32D81193F9AE000B8F9DF /* icon_achieve_grey.png in Resources */,
				A1C32D80193F9AE000B8F9DF /* icon_achieve_lime.png in Resources */,
				A16AFEF1194F29E5008BFBE1 /* LaunchImage.png in Resources */,
				A1D18F4F19581DDB00874F73 /* audio_1402908132984_2.mp3 in Resources */,
				A1578071195065B5000C5E19 /* image3@2x.jpg in Resources */,
				A1D28E281949A031009C7F8F /* btn_message.png in Resources */,
				A1C32D7E193F9AE000B8F9DF /* icon_friends_lime.png in Resources */,
			);
			runOnlyForDeploymentPostprocessing = 0;
		};
		A18EC107193EDFE7000E2D55 /* Resources */ = {
			isa = PBXResourcesBuildPhase;
			buildActionMask = 2147483647;
			files = (
			);
			runOnlyForDeploymentPostprocessing = 0;
		};
/* End PBXResourcesBuildPhase section */

/* Begin PBXSourcesBuildPhase section */
		A18EC0F3193EDFE7000E2D55 /* Sources */ = {
			isa = PBXSourcesBuildPhase;
			buildActionMask = 2147483647;
			files = (
				A1CA6E6219437533003543E4 /* FriendListViewController.swift in Sources */,
				A157806919505D4D000C5E19 /* IntroControll.m in Sources */,
				A18AFAEF1940AE8A00637D8B /* LoginViewController.swift in Sources */,
				A16AFEFD194F3ED9008BFBE1 /* Achieve.swift in Sources */,
				A1FDADFC19520FA5005FDE29 /* PersonalSettingController.swift in Sources */,
				A157806A19505D4D000C5E19 /* IntroModel.m in Sources */,
				A176B1031948227500C1BD5C /* MainTabController.swift in Sources */,
				A16AFEFF194F3EEB008BFBE1 /* Setting.swift in Sources */,
				A1C81EB819457F5900E56DB2 /* DistanceView.swift in Sources */,
				A1C81EB6194572B200E56DB2 /* AchievementViewController.swift in Sources */,
				A18EC0FD193EDFE7000E2D55 /* AppDelegate.swift in Sources */,
				A1CA6E6419448299003543E4 /* UserData.swift in Sources */,
				A1C32D70193F8C6E00B8F9DF /* MainRunViewController.swift in Sources */,
				A1DB36A7194B615D004099D0 /* SCLAlertView.swift in Sources */,
				A157806B19505D4D000C5E19 /* IntroView.m in Sources */,
				A16AFEF9194F3EB5008BFBE1 /* Map.swift in Sources */,
				A16AFEFB194F3EC6008BFBE1 /* Friend.swift in Sources */,
				A105C8E0194A193F006C05C3 /* SettingsViewController.swift in Sources */,
			);
			runOnlyForDeploymentPostprocessing = 0;
		};
		A18EC105193EDFE7000E2D55 /* Sources */ = {
			isa = PBXSourcesBuildPhase;
			buildActionMask = 2147483647;
			files = (
				A18EC110193EDFE7000E2D55 /* CheerRunTests.swift in Sources */,
			);
			runOnlyForDeploymentPostprocessing = 0;
		};
/* End PBXSourcesBuildPhase section */

/* Begin PBXTargetDependency section */
		A18EC10B193EDFE7000E2D55 /* PBXTargetDependency */ = {
			isa = PBXTargetDependency;
			target = A18EC0F6193EDFE7000E2D55 /* CheerRun */;
			targetProxy = A18EC10A193EDFE7000E2D55 /* PBXContainerItemProxy */;
		};
/* End PBXTargetDependency section */

/* Begin PBXVariantGroup section */
		A18EC100193EDFE7000E2D55 /* Main.storyboard */ = {
			isa = PBXVariantGroup;
			children = (
				A18EC101193EDFE7000E2D55 /* Base */,
			);
			name = Main.storyboard;
			sourceTree = "<group>";
		};
/* End PBXVariantGroup section */

/* Begin XCBuildConfiguration section */
		A18EC111193EDFE7000E2D55 /* Debug */ = {
			isa = XCBuildConfiguration;
			buildSettings = {
				ALWAYS_SEARCH_USER_PATHS = NO;
				CLANG_CXX_LANGUAGE_STANDARD = "gnu++0x";
				CLANG_CXX_LIBRARY = "libc++";
				CLANG_ENABLE_MODULES = YES;
				CLANG_ENABLE_OBJC_ARC = YES;
				CLANG_WARN_BOOL_CONVERSION = YES;
				CLANG_WARN_CONSTANT_CONVERSION = YES;
				CLANG_WARN_DIRECT_OBJC_ISA_USAGE = YES_ERROR;
				CLANG_WARN_EMPTY_BODY = YES;
				CLANG_WARN_ENUM_CONVERSION = YES;
				CLANG_WARN_INT_CONVERSION = YES;
				CLANG_WARN_OBJC_ROOT_CLASS = YES_ERROR;
				CLANG_WARN_UNREACHABLE_CODE = YES;
				CLANG_WARN__DUPLICATE_METHOD_MATCH = YES;
				"CODE_SIGN_IDENTITY[sdk=iphoneos*]" = "iPhone Developer";
				COPY_PHASE_STRIP = NO;
				ENABLE_STRICT_OBJC_MSGSEND = YES;
				GCC_C_LANGUAGE_STANDARD = gnu99;
				GCC_DYNAMIC_NO_PIC = NO;
				GCC_OPTIMIZATION_LEVEL = 0;
				GCC_PREPROCESSOR_DEFINITIONS = (
					"DEBUG=1",
					"$(inherited)",
				);
				GCC_SYMBOLS_PRIVATE_EXTERN = NO;
				GCC_WARN_64_TO_32_BIT_CONVERSION = YES;
				GCC_WARN_ABOUT_RETURN_TYPE = YES_ERROR;
				GCC_WARN_UNDECLARED_SELECTOR = YES;
				GCC_WARN_UNINITIALIZED_AUTOS = YES_AGGRESSIVE;
				GCC_WARN_UNUSED_FUNCTION = YES;
				GCC_WARN_UNUSED_VARIABLE = YES;
				IPHONEOS_DEPLOYMENT_TARGET = 8.0;
				METAL_ENABLE_DEBUG_INFO = YES;
				ONLY_ACTIVE_ARCH = YES;
				SDKROOT = iphoneos;
				SWIFT_OPTIMIZATION_LEVEL = "-Onone";
			};
			name = Debug;
		};
		A18EC112193EDFE7000E2D55 /* Release */ = {
			isa = XCBuildConfiguration;
			buildSettings = {
				ALWAYS_SEARCH_USER_PATHS = NO;
				CLANG_CXX_LANGUAGE_STANDARD = "gnu++0x";
				CLANG_CXX_LIBRARY = "libc++";
				CLANG_ENABLE_MODULES = YES;
				CLANG_ENABLE_OBJC_ARC = YES;
				CLANG_WARN_BOOL_CONVERSION = YES;
				CLANG_WARN_CONSTANT_CONVERSION = YES;
				CLANG_WARN_DIRECT_OBJC_ISA_USAGE = YES_ERROR;
				CLANG_WARN_EMPTY_BODY = YES;
				CLANG_WARN_ENUM_CONVERSION = YES;
				CLANG_WARN_INT_CONVERSION = YES;
				CLANG_WARN_OBJC_ROOT_CLASS = YES_ERROR;
				CLANG_WARN_UNREACHABLE_CODE = YES;
				CLANG_WARN__DUPLICATE_METHOD_MATCH = YES;
				"CODE_SIGN_IDENTITY[sdk=iphoneos*]" = "iPhone Developer";
				COPY_PHASE_STRIP = YES;
				ENABLE_NS_ASSERTIONS = NO;
				ENABLE_STRICT_OBJC_MSGSEND = YES;
				GCC_C_LANGUAGE_STANDARD = gnu99;
				GCC_WARN_64_TO_32_BIT_CONVERSION = YES;
				GCC_WARN_ABOUT_RETURN_TYPE = YES_ERROR;
				GCC_WARN_UNDECLARED_SELECTOR = YES;
				GCC_WARN_UNINITIALIZED_AUTOS = YES_AGGRESSIVE;
				GCC_WARN_UNUSED_FUNCTION = YES;
				GCC_WARN_UNUSED_VARIABLE = YES;
				IPHONEOS_DEPLOYMENT_TARGET = 8.0;
				METAL_ENABLE_DEBUG_INFO = NO;
				SDKROOT = iphoneos;
				VALIDATE_PRODUCT = YES;
			};
			name = Release;
		};
		A18EC114193EDFE7000E2D55 /* Debug */ = {
			isa = XCBuildConfiguration;
			buildSettings = {
				ASSETCATALOG_COMPILER_APPICON_NAME = AppIcon;
				ASSETCATALOG_COMPILER_LAUNCHIMAGE_NAME = LaunchImage;
				CLANG_ENABLE_MODULES = YES;
				CODE_SIGN_ENTITLEMENTS = CheerRun/CheerRun.entitlements;
				CODE_SIGN_IDENTITY = "iPhone Developer";
				"CODE_SIGN_IDENTITY[sdk=iphoneos*]" = "iPhone Developer";
				FRAMEWORK_SEARCH_PATHS = (
					"$(inherited)",
					/Users/andy/Documents/FacebookSDK,
					/Users/andy/Documents,
				);
				INFOPLIST_FILE = CheerRun/Info.plist;
				LD_RUNPATH_SEARCH_PATHS = "$(inherited) @executable_path/Frameworks";
				PRODUCT_NAME = "$(TARGET_NAME)";
				PROVISIONING_PROFILE = "";
				SWIFT_OBJC_BRIDGING_HEADER = "CheerRun/CheerRun-Bridging-Header.h";
				SWIFT_OPTIMIZATION_LEVEL = "-Onone";
			};
			name = Debug;
		};
		A18EC115193EDFE7000E2D55 /* Release */ = {
			isa = XCBuildConfiguration;
			buildSettings = {
				ASSETCATALOG_COMPILER_APPICON_NAME = AppIcon;
				ASSETCATALOG_COMPILER_LAUNCHIMAGE_NAME = LaunchImage;
				CLANG_ENABLE_MODULES = YES;
				CODE_SIGN_ENTITLEMENTS = CheerRun/CheerRun.entitlements;
				CODE_SIGN_IDENTITY = "iPhone Developer";
				"CODE_SIGN_IDENTITY[sdk=iphoneos*]" = "iPhone Developer";
				FRAMEWORK_SEARCH_PATHS = (
					"$(inherited)",
					/Users/andy/Documents/FacebookSDK,
					/Users/andy/Documents,
				);
				INFOPLIST_FILE = CheerRun/Info.plist;
				LD_RUNPATH_SEARCH_PATHS = "$(inherited) @executable_path/Frameworks";
				PRODUCT_NAME = "$(TARGET_NAME)";
				PROVISIONING_PROFILE = "";
				SWIFT_OBJC_BRIDGING_HEADER = "CheerRun/CheerRun-Bridging-Header.h";
			};
			name = Release;
		};
		A18EC117193EDFE7000E2D55 /* Debug */ = {
			isa = XCBuildConfiguration;
			buildSettings = {
				BUNDLE_LOADER = "$(BUILT_PRODUCTS_DIR)/CheerRun.app/CheerRun";
				FRAMEWORK_SEARCH_PATHS = (
					"$(SDKROOT)/Developer/Library/Frameworks",
					"$(inherited)",
				);
				GCC_PREPROCESSOR_DEFINITIONS = (
					"DEBUG=1",
					"$(inherited)",
				);
				INFOPLIST_FILE = CheerRunTests/Info.plist;
				LD_RUNPATH_SEARCH_PATHS = "$(inherited) @executable_path/Frameworks @loader_path/Frameworks";
				METAL_ENABLE_DEBUG_INFO = YES;
				PRODUCT_NAME = "$(TARGET_NAME)";
				TEST_HOST = "$(BUNDLE_LOADER)";
			};
			name = Debug;
		};
		A18EC118193EDFE7000E2D55 /* Release */ = {
			isa = XCBuildConfiguration;
			buildSettings = {
				BUNDLE_LOADER = "$(BUILT_PRODUCTS_DIR)/CheerRun.app/CheerRun";
				FRAMEWORK_SEARCH_PATHS = (
					"$(SDKROOT)/Developer/Library/Frameworks",
					"$(inherited)",
				);
				INFOPLIST_FILE = CheerRunTests/Info.plist;
				LD_RUNPATH_SEARCH_PATHS = "$(inherited) @executable_path/Frameworks @loader_path/Frameworks";
				METAL_ENABLE_DEBUG_INFO = NO;
				PRODUCT_NAME = "$(TARGET_NAME)";
				TEST_HOST = "$(BUNDLE_LOADER)";
			};
			name = Release;
		};
/* End XCBuildConfiguration section */

/* Begin XCConfigurationList section */
		A18EC0F2193EDFE7000E2D55 /* Build configuration list for PBXProject "CheerRun" */ = {
			isa = XCConfigurationList;
			buildConfigurations = (
				A18EC111193EDFE7000E2D55 /* Debug */,
				A18EC112193EDFE7000E2D55 /* Release */,
			);
			defaultConfigurationIsVisible = 0;
			defaultConfigurationName = Release;
		};
		A18EC113193EDFE7000E2D55 /* Build configuration list for PBXNativeTarget "CheerRun" */ = {
			isa = XCConfigurationList;
			buildConfigurations = (
				A18EC114193EDFE7000E2D55 /* Debug */,
				A18EC115193EDFE7000E2D55 /* Release */,
			);
			defaultConfigurationIsVisible = 0;
			defaultConfigurationName = Release;
		};
		A18EC116193EDFE7000E2D55 /* Build configuration list for PBXNativeTarget "CheerRunTests" */ = {
			isa = XCConfigurationList;
			buildConfigurations = (
				A18EC117193EDFE7000E2D55 /* Debug */,
				A18EC118193EDFE7000E2D55 /* Release */,
			);
			defaultConfigurationIsVisible = 0;
			defaultConfigurationName = Release;
		};
/* End XCConfigurationList section */
	};
	rootObject = A18EC0EF193EDFE7000E2D55 /* Project object */;
}
